
Microsoft Visual Studio Solution File, Format Version 11.00
# Visual Studio 2010
Project("{FAE04EC0-301F-11D3-BF4B-00C04F79EFBC}") = "Assembly-CSharp", "Assembly-CSharp.csproj", "{6E38897E-1206-91D9-AD66-907993E7D2F6}"
EndProject
Project("{FAE04EC0-301F-11D3-BF4B-00C04F79EFBC}") = "Assembly-CSharp-firstpass", "Assembly-CSharp-firstpass.csproj", "{8C6EB09D-85FD-19D0-07E4-6C0A6CE5EEAB}"
EndProject
Project("{FAE04EC0-301F-11D3-BF4B-00C04F79EFBC}") = "Assembly-CSharp-Editor-firstpass", "Assembly-CSharp-Editor-firstpass.csproj", "{492EF193-DA64-FBA8-5F94-362322931044}"
EndProject
Global
	GlobalSection(SolutionConfigurationPlatforms) = preSolution
		Debug|Any CPU = Debug|Any CPU
		Release|Any CPU = Release|Any CPU
	EndGlobalSection
	GlobalSection(ProjectConfigurationPlatforms) = postSolution
		{6E38897E-1206-91D9-AD66-907993E7D2F6}.Debug|Any CPU.ActiveCfg = Debug|Any CPU
		{6E38897E-1206-91D9-AD66-907993E7D2F6}.Debug|Any CPU.Build.0 = Debug|Any CPU
		{6E38897E-1206-91D9-AD66-907993E7D2F6}.Release|Any CPU.ActiveCfg = Release|Any CPU
		{6E38897E-1206-91D9-AD66-907993E7D2F6}.Release|Any CPU.Build.0 = Release|Any CPU
		{8C6EB09D-85FD-19D0-07E4-6C0A6CE5EEAB}.Debug|Any CPU.ActiveCfg = Debug|Any CPU
		{8C6EB09D-85FD-19D0-07E4-6C0A6CE5EEAB}.Debug|Any CPU.Build.0 = Debug|Any CPU
		{8C6EB09D-85FD-19D0-07E4-6C0A6CE5EEAB}.Release|Any CPU.ActiveCfg = Release|Any CPU
		{8C6EB09D-85FD-19D0-07E4-6C0A6CE5EEAB}.Release|Any CPU.Build.0 = Release|Any CPU
		{492EF193-DA64-FBA8-5F94-362322931044}.Debug|Any CPU.ActiveCfg = Debug|Any CPU
		{492EF193-DA64-FBA8-5F94-362322931044}.Debug|Any CPU.Build.0 = Debug|Any CPU
		{492EF193-DA64-FBA8-5F94-362322931044}.Release|Any CPU.ActiveCfg = Release|Any CPU
		{492EF193-DA64-FBA8-5F94-362322931044}.Release|Any CPU.Build.0 = Release|Any CPU
	EndGlobalSection
	GlobalSection(SolutionProperties) = preSolution
		HideSolutionNode = FALSE
	EndGlobalSection
	GlobalSection(MonoDevelopProperties) = preSolution
		StartupItem = Assembly-CSharp.csproj
	EndGlobalSection
EndGlobal
